
Microsoft Visual Studio Solution File, Format Version 12.00
# Visual Studio Version 16
VisualStudioVersion = 16.0.31729.503
MinimumVisualStudioVersion = 10.0.40219.1
Project("{FAE04EC0-301F-11D3-BF4B-00C04F79EFBC}") = "ServerConfigForm-P5-029", "ServerConfigForm-P5-029\ServerConfigForm-P5-029.csproj", "{34D76021-EE1E-44F8-9CEA-D64AF69983C6}"
EndProject
Global
	GlobalSection(SolutionConfigurationPlatforms) = preSolution
		Debug|Any CPU = Debug|Any CPU
		Release|Any CPU = Release|Any CPU
	EndGlobalSection
	GlobalSection(ProjectConfigurationPlatforms) = postSolution
		{34D76021-EE1E-44F8-9CEA-D64AF69983C6}.Debug|Any CPU.ActiveCfg = Debug|Any CPU
		{34D76021-EE1E-44F8-9CEA-D64AF69983C6}.Debug|Any CPU.Build.0 = Debug|Any CPU
		{34D76021-EE1E-44F8-9CEA-D64AF69983C6}.Release|Any CPU.ActiveCfg = Release|Any CPU
		{34D76021-EE1E-44F8-9CEA-D64AF69983C6}.Release|Any CPU.Build.0 = Release|Any CPU
	EndGlobalSection
	GlobalSection(SolutionProperties) = preSolution
		HideSolutionNode = FALSE
	EndGlobalSection
	GlobalSection(ExtensibilityGlobals) = postSolution
		SolutionGuid = {A033FEC2-CEF0-4D61-A850-6C65D1FC1C73}
	EndGlobalSection
EndGlobal
